
Microsoft Visual Studio Solution File, Format Version 12.00
# Visual Studio Version 16
VisualStudioVersion = 16.0.30114.105
MinimumVisualStudioVersion = 10.0.40219.1
Project("{2150E333-8FDC-42A3-9474-1A3956D46DE8}") = "src", "src", "{5250C1EC-3F52-4994-9C8E-7D3FDBA397A0}"
EndProject
Project("{FAE04EC0-301F-11D3-BF4B-00C04F79EFBC}") = "FortuneWheel", "src\FortuneWheel\FortuneWheel.csproj", "{4DE0A2A5-4A2B-4276-BEEE-FEC70B499524}"
EndProject
Project("{FAE04EC0-301F-11D3-BF4B-00C04F79EFBC}") = "Program", "src\Program\Program.csproj", "{E207922B-E2A1-4B92-B671-785918ED15D2}"
EndProject
Global
	GlobalSection(SolutionConfigurationPlatforms) = preSolution
		Debug|Any CPU = Debug|Any CPU
		Release|Any CPU = Release|Any CPU
	EndGlobalSection
	GlobalSection(ProjectConfigurationPlatforms) = postSolution
		{4DE0A2A5-4A2B-4276-BEEE-FEC70B499524}.Debug|Any CPU.ActiveCfg = Debug|Any CPU
		{4DE0A2A5-4A2B-4276-BEEE-FEC70B499524}.Debug|Any CPU.Build.0 = Debug|Any CPU
		{4DE0A2A5-4A2B-4276-BEEE-FEC70B499524}.Release|Any CPU.ActiveCfg = Release|Any CPU
		{4DE0A2A5-4A2B-4276-BEEE-FEC70B499524}.Release|Any CPU.Build.0 = Release|Any CPU
		{E207922B-E2A1-4B92-B671-785918ED15D2}.Debug|Any CPU.ActiveCfg = Debug|Any CPU
		{E207922B-E2A1-4B92-B671-785918ED15D2}.Debug|Any CPU.Build.0 = Debug|Any CPU
		{E207922B-E2A1-4B92-B671-785918ED15D2}.Release|Any CPU.ActiveCfg = Release|Any CPU
		{E207922B-E2A1-4B92-B671-785918ED15D2}.Release|Any CPU.Build.0 = Release|Any CPU
	EndGlobalSection
	GlobalSection(SolutionProperties) = preSolution
		HideSolutionNode = FALSE
	EndGlobalSection
	GlobalSection(NestedProjects) = preSolution
		{4DE0A2A5-4A2B-4276-BEEE-FEC70B499524} = {5250C1EC-3F52-4994-9C8E-7D3FDBA397A0}
		{E207922B-E2A1-4B92-B671-785918ED15D2} = {5250C1EC-3F52-4994-9C8E-7D3FDBA397A0}
	EndGlobalSection
	GlobalSection(ExtensibilityGlobals) = postSolution
		SolutionGuid = {92163D8F-8FFA-4E6B-959B-66651C994DB7}
	EndGlobalSection
EndGlobal
